
Microsoft Visual Studio Solution File, Format Version 12.00
# Visual Studio 15
VisualStudioVersion = 15.0.28307.1684
MinimumVisualStudioVersion = 10.0.40219.1
Project("{FAE04EC0-301F-11D3-BF4B-00C04F79EFBC}") = "WolfCoin", "WolfCoin\WolfCoin.csproj", "{6612D4F4-0D69-44D9-8757-47A4B6B19910}"
EndProject
Global
	GlobalSection(SolutionConfigurationPlatforms) = preSolution
		Debug|Any CPU = Debug|Any CPU
		Release|Any CPU = Release|Any CPU
	EndGlobalSection
	GlobalSection(ProjectConfigurationPlatforms) = postSolution
		{6612D4F4-0D69-44D9-8757-47A4B6B19910}.Debug|Any CPU.ActiveCfg = Debug|Any CPU
		{6612D4F4-0D69-44D9-8757-47A4B6B19910}.Debug|Any CPU.Build.0 = Debug|Any CPU
		{6612D4F4-0D69-44D9-8757-47A4B6B19910}.Release|Any CPU.ActiveCfg = Release|Any CPU
		{6612D4F4-0D69-44D9-8757-47A4B6B19910}.Release|Any CPU.Build.0 = Release|Any CPU
	EndGlobalSection
	GlobalSection(SolutionProperties) = preSolution
		HideSolutionNode = FALSE
	EndGlobalSection
	GlobalSection(ExtensibilityGlobals) = postSolution
		SolutionGuid = {CB235EC6-8195-4971-B88C-292D1F5BED34}
	EndGlobalSection
EndGlobal
